<?xml version="1.0" encoding="utf-8"?>
<Project ToolsVersion="4.0" xmlns="http://schemas.microsoft.com/developer/msbuild/2003">
  <ItemGroup>
    <Filter Include="Source Files">
      <UniqueIdentifier>{4FC737F1-C7A5-4376-A066-2A32D752A2FF}</UniqueIdentifier>
      <Extensions>cpp;c;cc;cxx;c++;cppm;ixx;def;odl;idl;hpj;bat;asm;asmx</Extensions>
    </Filter>
    <Filter Include="Header Files">
      <UniqueIdentifier>{93995380-89BD-4b04-88EB-625FBE52EBFB}</UniqueIdentifier>
      <Extensions>h;hh;hpp;hxx;h++;hm;inl;inc;ipp;xsd</Extensions>
    </Filter>
    <Filter Include="Resource Files">
      <UniqueIdentifier>{67DA6AB6-F800-4c08-8B7A-83BB121AAD01}</UniqueIdentifier>
      <Extensions>rc;ico;cur;bmp;dlg;rc2;rct;bin;rgs;gif;jpg;jpeg;jpe;resx;tiff;tif;png;wav;mfcribbon-ms</Extensions>
    </Filter>
  </ItemGroup>
  <ItemGroup>
    <None Include=".gitattributes" />
    <None Include=".editorconfig" />
    <None Include=".gitignore" />
    <None Include="LICENSE" />
    <None Include="README.MD" />
  </ItemGroup>
  <ItemGroup>
    <ClCompile Include="src\mappers\AxROM.ixx">
      <Filter>Source Files</Filter>
    </ClCompile>
    <ClCompile Include="src\mappers\BaseMapper.cpp">
      <Filter>Source Files</Filter>
    </ClCompile>
    <ClCompile Include="src\mappers\BaseMapper.ixx">
      <Filter>Source Files</Filter>
    </ClCompile>
    <ClCompile Include="src\mappers\CNROM.ixx">
      <Filter>Source Files</Filter>
    </ClCompile>
    <ClCompile Include="src\mappers\Mapper094.ixx">
      <Filter>Source Files</Filter>
    </ClCompile>
    <ClCompile Include="src\mappers\Mapper180.ixx">
      <Filter>Source Files</Filter>
    </ClCompile>
    <ClCompile Include="src\mappers\MapperProperties.ixx">
      <Filter>Source Files</Filter>
    </ClCompile>
    <ClCompile Include="src\mappers\MMC1.ixx">
      <Filter>Source Files</Filter>
    </ClCompile>
    <ClCompile Include="src\mappers\MMC3.ixx">
      <Filter>Source Files</Filter>
    </ClCompile>
    <ClCompile Include="src\mappers\NROM.ixx">
      <Filter>Source Files</Filter>
    </ClCompile>
    <ClCompile Include="src\mappers\UxROM.ixx">
      <Filter>Source Files</Filter>
    </ClCompile>
    <ClCompile Include="src\APU.cpp">
      <Filter>Source Files</Filter>
    </ClCompile>
    <ClCompile Include="src\APU.ixx">
      <Filter>Source Files</Filter>
    </ClCompile>
    <ClCompile Include="src\Bus.cpp">
      <Filter>Source Files</Filter>
    </ClCompile>
    <ClCompile Include="src\Bus.ixx">
      <Filter>Source Files</Filter>
    </ClCompile>
    <ClCompile Include="src\Cartridge.cpp">
      <Filter>Source Files</Filter>
    </ClCompile>
    <ClCompile Include="src\Cartridge.ixx">
      <Filter>Source Files</Filter>
    </ClCompile>
    <ClCompile Include="src\CPU.cpp">
      <Filter>Source Files</Filter>
    </ClCompile>
    <ClCompile Include="src\CPU.ixx">
      <Filter>Source Files</Filter>
    </ClCompile>
    <ClCompile Include="src\Debug.cpp">
      <Filter>Source Files</Filter>
    </ClCompile>
    <ClCompile Include="src\Debug.ixx">
      <Filter>Source Files</Filter>
    </ClCompile>
    <ClCompile Include="src\Joypad.cpp">
      <Filter>Source Files</Filter>
    </ClCompile>
    <ClCompile Include="src\Joypad.ixx">
      <Filter>Source Files</Filter>
    </ClCompile>
    <ClCompile Include="src\NES.ixx">
      <Filter>Source Files</Filter>
    </ClCompile>
    <ClCompile Include="src\PPU.cpp">
      <Filter>Source Files</Filter>
    </ClCompile>
    <ClCompile Include="src\PPU.ixx">
      <Filter>Source Files</Filter>
    </ClCompile>
    <ClCompile Include="src\System.cpp">
      <Filter>Source Files</Filter>
    </ClCompile>
    <ClCompile Include="src\System.ixx">
      <Filter>Source Files</Filter>
    </ClCompile>
  </ItemGroup>
</Project>